// !$*UTF8*$!
{
	archiveVersion = 1;
	classes = {
	};
	objectVersion = 46;
	objects = {

/* Begin PBXBuildFile section */
		0C7774E91745ECED0076AEC5 /* UIKit.framework in Frameworks */ = {isa = PBXBuildFile; fileRef = 0C7774E81745ECED0076AEC5 /* UIKit.framework */; };
		0C7774EB1745ECED0076AEC5 /* Foundation.framework in Frameworks */ = {isa = PBXBuildFile; fileRef = 0C7774EA1745ECED0076AEC5 /* Foundation.framework */; };
		0C7774ED1745ECED0076AEC5 /* CoreGraphics.framework in Frameworks */ = {isa = PBXBuildFile; fileRef = 0C7774EC1745ECED0076AEC5 /* CoreGraphics.framework */; };
		0C7774F31745ECED0076AEC5 /* InfoPlist.strings in Resources */ = {isa = PBXBuildFile; fileRef = 0C7774F11745ECED0076AEC5 /* InfoPlist.strings */; };
		0C7774F51745ECED0076AEC5 /* main.m in Sources */ = {isa = PBXBuildFile; fileRef = 0C7774F41745ECED0076AEC5 /* main.m */; };
		0C7774F91745ECED0076AEC5 /* AppDelegate.m in Sources */ = {isa = PBXBuildFile; fileRef = 0C7774F81745ECED0076AEC5 /* AppDelegate.m */; };
		0C7774FB1745ECEE0076AEC5 /* Default.png in Resources */ = {isa = PBXBuildFile; fileRef = 0C7774FA1745ECEE0076AEC5 /* Default.png */; };
		0C7774FD1745ECEE0076AEC5 /* Default@2x.png in Resources */ = {isa = PBXBuildFile; fileRef = 0C7774FC1745ECEE0076AEC5 /* Default@2x.png */; };
		0C7774FF1745ECEE0076AEC5 /* Default-568h@2x.png in Resources */ = {isa = PBXBuildFile; fileRef = 0C7774FE1745ECEE0076AEC5 /* Default-568h@2x.png */; };
		0C7775021745ECEE0076AEC5 /* MainStoryboard.storyboard in Resources */ = {isa = PBXBuildFile; fileRef = 0C7775001745ECEE0076AEC5 /* MainStoryboard.storyboard */; };
		0C7775051745ECEE0076AEC5 /* ViewController.m in Sources */ = {isa = PBXBuildFile; fileRef = 0C7775041745ECEE0076AEC5 /* ViewController.m */; };
		0C77750F1748C4410076AEC5 /* button_bg_on.png in Resources */ = {isa = PBXBuildFile; fileRef = 0C77750E1748C4410076AEC5 /* button_bg_on.png */; };
		0C7775111748C45D0076AEC5 /* button_bg_off.png in Resources */ = {isa = PBXBuildFile; fileRef = 0C7775101748C45D0076AEC5 /* button_bg_off.png */; };
		0C77751317492C580076AEC5 /* background.png in Resources */ = {isa = PBXBuildFile; fileRef = 0C77751217492C580076AEC5 /* background.png */; };
/* End PBXBuildFile section */

/* Begin PBXFileReference section */
		0C7774E41745ECED0076AEC5 /* CrystalBall.app */ = {isa = PBXFileReference; explicitFileType = wrapper.application; includeInIndex = 0; path = CrystalBall.app; sourceTree = BUILT_PRODUCTS_DIR; };
		0C7774E81745ECED0076AEC5 /* UIKit.framework */ = {isa = PBXFileReference; lastKnownFileType = wrapper.framework; name = UIKit.framework; path = System/Library/Frameworks/UIKit.framework; sourceTree = SDKROOT; };
		0C7774EA1745ECED0076AEC5 /* Foundation.framework */ = {isa = PBXFileReference; lastKnownFileType = wrapper.framework; name = Foundation.framework; path = System/Library/Frameworks/Foundation.framework; sourceTree = SDKROOT; };
		0C7774EC1745ECED0076AEC5 /* CoreGraphics.framework */ = {isa = PBXFileReference; lastKnownFileType = wrapper.framework; name = CoreGraphics.framework; path = System/Library/Frameworks/CoreGraphics.framework; sourceTree = SDKROOT; };
		0C7774F01745ECED0076AEC5 /* CrystalBall-Info.plist */ = {isa = PBXFileReference; lastKnownFileType = text.plist.xml; path = "CrystalBall-Info.plist"; sourceTree = "<group>"; };
		0C7774F21745ECED0076AEC5 /* en */ = {isa = PBXFileReference; lastKnownFileType = text.plist.strings; name = en; path = en.lproj/InfoPlist.strings; sourceTree = "<group>"; };
		0C7774F41745ECED0076AEC5 /* main.m */ = {isa = PBXFileReference; lastKnownFileType = sourcecode.c.objc; path = main.m; sourceTree = "<group>"; };
		0C7774F61745ECED0076AEC5 /* CrystalBall-Prefix.pch */ = {isa = PBXFileReference; lastKnownFileType = sourcecode.c.h; path = "CrystalBall-Prefix.pch"; sourceTree = "<group>"; };
		0C7774F71745ECED0076AEC5 /* AppDelegate.h */ = {isa = PBXFileReference; lastKnownFileType = sourcecode.c.h; path = AppDelegate.h; sourceTree = "<group>"; };
		0C7774F81745ECED0076AEC5 /* AppDelegate.m */ = {isa = PBXFileReference; lastKnownFileType = sourcecode.c.objc; path = AppDelegate.m; sourceTree = "<group>"; };
		0C7774FA1745ECEE0076AEC5 /* Default.png */ = {isa = PBXFileReference; lastKnownFileType = image.png; path = Default.png; sourceTree = "<group>"; };
		0C7774FC1745ECEE0076AEC5 /* Default@2x.png */ = {isa = PBXFileReference; lastKnownFileType = image.png; path = "Default@2x.png"; sourceTree = "<group>"; };
		0C7774FE1745ECEE0076AEC5 /* Default-568h@2x.png */ = {isa = PBXFileReference; lastKnownFileType = image.png; path = "Default-568h@2x.png"; sourceTree = "<group>"; };
		0C7775011745ECEE0076AEC5 /* en */ = {isa = PBXFileReference; lastKnownFileType = file.storyboard; name = en; path = en.lproj/MainStoryboard.storyboard; sourceTree = "<group>"; };
		0C7775031745ECEE0076AEC5 /* ViewController.h */ = {isa = PBXFileReference; lastKnownFileType = sourcecode.c.h; path = ViewController.h; sourceTree = "<group>"; };
		0C7775041745ECEE0076AEC5 /* ViewController.m */ = {isa = PBXFileReference; lastKnownFileType = sourcecode.c.objc; path = ViewController.m; sourceTree = "<group>"; };
		0C77750E1748C4410076AEC5 /* button_bg_on.png */ = {isa = PBXFileReference; lastKnownFileType = image.png; name = button_bg_on.png; path = ../../../../Downloads/CrystalBall/CrystalBall/button_bg_on.png; sourceTree = "<group>"; };
		0C7775101748C45D0076AEC5 /* button_bg_off.png */ = {isa = PBXFileReference; lastKnownFileType = image.png; name = button_bg_off.png; path = ../../../../Downloads/CrystalBall/CrystalBall/button_bg_off.png; sourceTree = "<group>"; };
		0C77751217492C580076AEC5 /* background.png */ = {isa = PBXFileReference; lastKnownFileType = image.png; name = background.png; path = "../../../../Downloads/CrystalBall-1/CrystalBall/background.png"; sourceTree = "<group>"; };
/* End PBXFileReference section */

/* Begin PBXFrameworksBuildPhase section */
		0C7774E11745ECED0076AEC5 /* Frameworks */ = {
			isa = PBXFrameworksBuildPhase;
			buildActionMask = 2147483647;
			files = (
				0C7774E91745ECED0076AEC5 /* UIKit.framework in Frameworks */,
				0C7774EB1745ECED0076AEC5 /* Foundation.framework in Frameworks */,
				0C7774ED1745ECED0076AEC5 /* CoreGraphics.framework in Frameworks */,
			);
			runOnlyForDeploymentPostprocessing = 0;
		};
/* End PBXFrameworksBuildPhase section */

/* Begin PBXGroup section */
		0C7774D91745ECED0076AEC5 = {
			isa = PBXGroup;
			children = (
				0C7774EE1745ECED0076AEC5 /* CrystalBall */,
				0C7774E71745ECED0076AEC5 /* Frameworks */,
				0C7774E51745ECED0076AEC5 /* Products */,
			);
			sourceTree = "<group>";
		};
		0C7774E51745ECED0076AEC5 /* Products */ = {
			isa = PBXGroup;
			children = (
				0C7774E41745ECED0076AEC5 /* CrystalBall.app */,
			);
			name = Products;
			sourceTree = "<group>";
		};
		0C7774E71745ECED0076AEC5 /* Frameworks */ = {
			isa = PBXGroup;
			children = (
				0C7774E81745ECED0076AEC5 /* UIKit.framework */,
				0C7774EA1745ECED0076AEC5 /* Foundation.framework */,
				0C7774EC1745ECED0076AEC5 /* CoreGraphics.framework */,
			);
			name = Frameworks;
			sourceTree = "<group>";
		};
		0C7774EE1745ECED0076AEC5 /* CrystalBall */ = {
			isa = PBXGroup;
			children = (
				0C77750B1748C0290076AEC5 /* images */,
				0C7774F71745ECED0076AEC5 /* AppDelegate.h */,
				0C7774F81745ECED0076AEC5 /* AppDelegate.m */,
				0C7775001745ECEE0076AEC5 /* MainStoryboard.storyboard */,
				0C7775031745ECEE0076AEC5 /* ViewController.h */,
				0C7775041745ECEE0076AEC5 /* ViewController.m */,
				0C7774EF1745ECED0076AEC5 /* Supporting Files */,
			);
			path = CrystalBall;
			sourceTree = "<group>";
		};
		0C7774EF1745ECED0076AEC5 /* Supporting Files */ = {
			isa = PBXGroup;
			children = (
				0C7774F01745ECED0076AEC5 /* CrystalBall-Info.plist */,
				0C7774F11745ECED0076AEC5 /* InfoPlist.strings */,
				0C7774F41745ECED0076AEC5 /* main.m */,
				0C7774F61745ECED0076AEC5 /* CrystalBall-Prefix.pch */,
				0C7774FA1745ECEE0076AEC5 /* Default.png */,
				0C7774FC1745ECEE0076AEC5 /* Default@2x.png */,
				0C7774FE1745ECEE0076AEC5 /* Default-568h@2x.png */,
			);
			name = "Supporting Files";
			sourceTree = "<group>";
		};
		0C77750B1748C0290076AEC5 /* images */ = {
			isa = PBXGroup;
			children = (
				0C77751217492C580076AEC5 /* background.png */,
				0C7775101748C45D0076AEC5 /* button_bg_off.png */,
				0C77750E1748C4410076AEC5 /* button_bg_on.png */,
			);
			name = images;
			sourceTree = "<group>";
		};
/* End PBXGroup section */

/* Begin PBXNativeTarget section */
		0C7774E31745ECED0076AEC5 /* CrystalBall */ = {
			isa = PBXNativeTarget;
			buildConfigurationList = 0C7775081745ECEE0076AEC5 /* Build configuration list for PBXNativeTarget "CrystalBall" */;
			buildPhases = (
				0C7774E01745ECED0076AEC5 /* Sources */,
				0C7774E11745ECED0076AEC5 /* Frameworks */,
				0C7774E21745ECED0076AEC5 /* Resources */,
			);
			buildRules = (
			);
			dependencies = (
			);
			name = CrystalBall;
			productName = CrystalBall;
			productReference = 0C7774E41745ECED0076AEC5 /* CrystalBall.app */;
			productType = "com.apple.product-type.application";
		};
/* End PBXNativeTarget section */

/* Begin PBXProject section */
		0C7774DB1745ECED0076AEC5 /* Project object */ = {
			isa = PBXProject;
			attributes = {
				LastUpgradeCheck = 0450;
				ORGANIZATIONNAME = "Justin Hilliard";
			};
			buildConfigurationList = 0C7774DE1745ECED0076AEC5 /* Build configuration list for PBXProject "CrystalBall" */;
			compatibilityVersion = "Xcode 3.2";
			developmentRegion = English;
			hasScannedForEncodings = 0;
			knownRegions = (
				en,
			);
			mainGroup = 0C7774D91745ECED0076AEC5;
			productRefGroup = 0C7774E51745ECED0076AEC5 /* Products */;
			projectDirPath = "";
			projectRoot = "";
			targets = (
				0C7774E31745ECED0076AEC5 /* CrystalBall */,
			);
		};
/* End PBXProject section */

/* Begin PBXResourcesBuildPhase section */
		0C7774E21745ECED0076AEC5 /* Resources */ = {
			isa = PBXResourcesBuildPhase;
			buildActionMask = 2147483647;
			files = (
				0C7774F31745ECED0076AEC5 /* InfoPlist.strings in Resources */,
				0C7774FB1745ECEE0076AEC5 /* Default.png in Resources */,
				0C7774FD1745ECEE0076AEC5 /* Default@2x.png in Resources */,
				0C7774FF1745ECEE0076AEC5 /* Default-568h@2x.png in Resources */,
				0C7775021745ECEE0076AEC5 /* MainStoryboard.storyboard in Resources */,
				0C77750F1748C4410076AEC5 /* button_bg_on.png in Resources */,
				0C7775111748C45D0076AEC5 /* button_bg_off.png in Resources */,
				0C77751317492C580076AEC5 /* background.png in Resources */,
			);
			runOnlyForDeploymentPostprocessing = 0;
		};
/* End PBXResourcesBuildPhase section */

/* Begin PBXSourcesBuildPhase section */
		0C7774E01745ECED0076AEC5 /* Sources */ = {
			isa = PBXSourcesBuildPhase;
			buildActionMask = 2147483647;
			files = (
				0C7774F51745ECED0076AEC5 /* main.m in Sources */,
				0C7774F91745ECED0076AEC5 /* AppDelegate.m in Sources */,
				0C7775051745ECEE0076AEC5 /* ViewController.m in Sources */,
			);
			runOnlyForDeploymentPostprocessing = 0;
		};
/* End PBXSourcesBuildPhase section */

/* Begin PBXVariantGroup section */
		0C7774F11745ECED0076AEC5 /* InfoPlist.strings */ = {
			isa = PBXVariantGroup;
			children = (
				0C7774F21745ECED0076AEC5 /* en */,
			);
			name = InfoPlist.strings;
			sourceTree = "<group>";
		};
		0C7775001745ECEE0076AEC5 /* MainStoryboard.storyboard */ = {
			isa = PBXVariantGroup;
			children = (
				0C7775011745ECEE0076AEC5 /* en */,
			);
			name = MainStoryboard.storyboard;
			sourceTree = "<group>";
		};
/* End PBXVariantGroup section */

/* Begin XCBuildConfiguration section */
		0C7775061745ECEE0076AEC5 /* Debug */ = {
			isa = XCBuildConfiguration;
			buildSettings = {
				ALWAYS_SEARCH_USER_PATHS = NO;
				CLANG_CXX_LANGUAGE_STANDARD = "gnu++0x";
				CLANG_CXX_LIBRARY = "libc++";
				CLANG_ENABLE_OBJC_ARC = YES;
				CLANG_WARN_EMPTY_BODY = YES;
				CLANG_WARN__DUPLICATE_METHOD_MATCH = YES;
				"CODE_SIGN_IDENTITY[sdk=iphoneos*]" = "iPhone Developer";
				COPY_PHASE_STRIP = NO;
				GCC_C_LANGUAGE_STANDARD = gnu99;
				GCC_DYNAMIC_NO_PIC = NO;
				GCC_OPTIMIZATION_LEVEL = 0;
				GCC_PREPROCESSOR_DEFINITIONS = (
					"DEBUG=1",
					"$(inherited)",
				);
				GCC_SYMBOLS_PRIVATE_EXTERN = NO;
				GCC_WARN_ABOUT_RETURN_TYPE = YES;
				GCC_WARN_UNINITIALIZED_AUTOS = YES;
				GCC_WARN_UNUSED_VARIABLE = YES;
				IPHONEOS_DEPLOYMENT_TARGET = 6.0;
				ONLY_ACTIVE_ARCH = YES;
				SDKROOT = iphoneos;
			};
			name = Debug;
		};
		0C7775071745ECEE0076AEC5 /* Release */ = {
			isa = XCBuildConfiguration;
			buildSettings = {
				ALWAYS_SEARCH_USER_PATHS = NO;
				CLANG_CXX_LANGUAGE_STANDARD = "gnu++0x";
				CLANG_CXX_LIBRARY = "libc++";
				CLANG_ENABLE_OBJC_ARC = YES;
				CLANG_WARN_EMPTY_BODY = YES;
				CLANG_WARN__DUPLICATE_METHOD_MATCH = YES;
				"CODE_SIGN_IDENTITY[sdk=iphoneos*]" = "iPhone Developer";
				COPY_PHASE_STRIP = YES;
				GCC_C_LANGUAGE_STANDARD = gnu99;
				GCC_WARN_ABOUT_RETURN_TYPE = YES;
				GCC_WARN_UNINITIALIZED_AUTOS = YES;
				GCC_WARN_UNUSED_VARIABLE = YES;
				IPHONEOS_DEPLOYMENT_TARGET = 6.0;
				OTHER_CFLAGS = "-DNS_BLOCK_ASSERTIONS=1";
				SDKROOT = iphoneos;
				VALIDATE_PRODUCT = YES;
			};
			name = Release;
		};
		0C7775091745ECEE0076AEC5 /* Debug */ = {
			isa = XCBuildConfiguration;
			buildSettings = {
				GCC_PRECOMPILE_PREFIX_HEADER = YES;
				GCC_PREFIX_HEADER = "CrystalBall/CrystalBall-Prefix.pch";
				INFOPLIST_FILE = "CrystalBall/CrystalBall-Info.plist";
				PRODUCT_NAME = "$(TARGET_NAME)";
				WRAPPER_EXTENSION = app;
			};
			name = Debug;
		};
		0C77750A1745ECEE0076AEC5 /* Release */ = {
			isa = XCBuildConfiguration;
			buildSettings = {
				GCC_PRECOMPILE_PREFIX_HEADER = YES;
				GCC_PREFIX_HEADER = "CrystalBall/CrystalBall-Prefix.pch";
				INFOPLIST_FILE = "CrystalBall/CrystalBall-Info.plist";
				PRODUCT_NAME = "$(TARGET_NAME)";
				WRAPPER_EXTENSION = app;
			};
			name = Release;
		};
/* End XCBuildConfiguration section */

/* Begin XCConfigurationList section */
		0C7774DE1745ECED0076AEC5 /* Build configuration list for PBXProject "CrystalBall" */ = {
			isa = XCConfigurationList;
			buildConfigurations = (
				0C7775061745ECEE0076AEC5 /* Debug */,
				0C7775071745ECEE0076AEC5 /* Release */,
			);
			defaultConfigurationIsVisible = 0;
			defaultConfigurationName = Release;
		};
		0C7775081745ECEE0076AEC5 /* Build configuration list for PBXNativeTarget "CrystalBall" */ = {
			isa = XCConfigurationList;
			buildConfigurations = (
				0C7775091745ECEE0076AEC5 /* Debug */,
				0C77750A1745ECEE0076AEC5 /* Release */,
			);
			defaultConfigurationIsVisible = 0;
		};
/* End XCConfigurationList section */
	};
	rootObject = 0C7774DB1745ECED0076AEC5 /* Project object */;
}
